
Microsoft Visual Studio Solution File, Format Version 12.00
# Visual Studio Version 16
VisualStudioVersion = 16.0.30907.101
MinimumVisualStudioVersion = 10.0.40219.1
Project("{9A19103F-16F7-4668-BE54-9A1E7A4F7556}") = "RatingsByTypeTriggerAssignment7", "RatingsByTypeTriggerAssignment7.csproj", "{6AEF8353-9DB5-49EA-99CA-766436C20778}"
EndProject
Global
	GlobalSection(SolutionConfigurationPlatforms) = preSolution
		Debug|Any CPU = Debug|Any CPU
		Release|Any CPU = Release|Any CPU
	EndGlobalSection
	GlobalSection(ProjectConfigurationPlatforms) = postSolution
		{6AEF8353-9DB5-49EA-99CA-766436C20778}.Debug|Any CPU.ActiveCfg = Debug|Any CPU
		{6AEF8353-9DB5-49EA-99CA-766436C20778}.Debug|Any CPU.Build.0 = Debug|Any CPU
		{6AEF8353-9DB5-49EA-99CA-766436C20778}.Release|Any CPU.ActiveCfg = Release|Any CPU
		{6AEF8353-9DB5-49EA-99CA-766436C20778}.Release|Any CPU.Build.0 = Release|Any CPU
	EndGlobalSection
	GlobalSection(SolutionProperties) = preSolution
		HideSolutionNode = FALSE
	EndGlobalSection
	GlobalSection(ExtensibilityGlobals) = postSolution
		SolutionGuid = {BD720CFA-2AA4-488B-AD85-EE62DCCAD194}
	EndGlobalSection
EndGlobal
